github.com/CaiJimmy/hugo-theme-stack/v3 v3.34.2 h1:DHqOCcwrbM7H194OIXuW4D4TekNN8fn+rLWLs3ofaFQ=
github.com/CaiJimmy/hugo-theme-stack/v3 v3.34.2/go.mod h1:IPmCXiIxlFSLFYS0tOmYP6ySLviyeNVSabyvSuaxD+I=
github.com/gohugo-ananke/ananke/v2 v2.19.0 h1:FbXCNVEPdSGr937hivfJ31eDj4d1y0okbYeKgLArxyw=
github.com/gohugo-ananke/ananke/v2 v2.19.0/go.mod h1:HLy3O8WIkY0EmkMryllP6ilZVvAWz1XsLnfYLuD7dvE=
